// !$*UTF8*$!
{
	archiveVersion = 1;
	classes = {
	};
	objectVersion = 50;
	objects = {

/* Begin PBXBuildFile section */
		0C6029F2A9679F58D5F8B5F6 /* Pods_snapkit_playground_ios_snapkit_playground_iosUITests.framework in Frameworks */ = {isa = PBXBuildFile; fileRef = 6C91A97C426900332DF4EA02 /* Pods_snapkit_playground_ios_snapkit_playground_iosUITests.framework */; };
		747A1CC324B1DAF400AF37D9 /* AppDelegate.swift in Sources */ = {isa = PBXBuildFile; fileRef = 747A1CC224B1DAF400AF37D9 /* AppDelegate.swift */; };
		747A1CC524B1DAF400AF37D9 /* SceneDelegate.swift in Sources */ = {isa = PBXBuildFile; fileRef = 747A1CC424B1DAF400AF37D9 /* SceneDelegate.swift */; };
		747A1CC724B1DAF400AF37D9 /* AppContentView.swift in Sources */ = {isa = PBXBuildFile; fileRef = 747A1CC624B1DAF400AF37D9 /* AppContentView.swift */; };
		747A1CC924B1DAF600AF37D9 /* Assets.xcassets in Resources */ = {isa = PBXBuildFile; fileRef = 747A1CC824B1DAF600AF37D9 /* Assets.xcassets */; };
		747A1CCC24B1DAF600AF37D9 /* Preview Assets.xcassets in Resources */ = {isa = PBXBuildFile; fileRef = 747A1CCB24B1DAF600AF37D9 /* Preview Assets.xcassets */; };
		747A1CCF24B1DAF600AF37D9 /* LaunchScreen.storyboard in Resources */ = {isa = PBXBuildFile; fileRef = 747A1CCD24B1DAF600AF37D9 /* LaunchScreen.storyboard */; };
		747A1CDA24B1DAF600AF37D9 /* snapkit_playground_iosTests.swift in Sources */ = {isa = PBXBuildFile; fileRef = 747A1CD924B1DAF600AF37D9 /* snapkit_playground_iosTests.swift */; };
		747A1CE524B1DAF700AF37D9 /* snapkit_playground_iosUITests.swift in Sources */ = {isa = PBXBuildFile; fileRef = 747A1CE424B1DAF700AF37D9 /* snapkit_playground_iosUITests.swift */; };
		747A1CF424B1DFEF00AF37D9 /* ContentContainerView.swift in Sources */ = {isa = PBXBuildFile; fileRef = 747A1CF324B1DFEF00AF37D9 /* ContentContainerView.swift */; };
		747A1CF724B1E12B00AF37D9 /* BaseView.swift in Sources */ = {isa = PBXBuildFile; fileRef = 747A1CF624B1E12B00AF37D9 /* BaseView.swift */; };
		747A1CF924B1E4DE00AF37D9 /* ContentContainerPreview.swift in Sources */ = {isa = PBXBuildFile; fileRef = 747A1CF824B1E4DE00AF37D9 /* ContentContainerPreview.swift */; };
		E40AAE597921BCD5EBADF452 /* Pods_snapkit_playground_ios.framework in Frameworks */ = {isa = PBXBuildFile; fileRef = 08E097A3229AE26B6C9F204D /* Pods_snapkit_playground_ios.framework */; };
		FECC01E66AC5A9CB05245E76 /* Pods_snapkit_playground_iosTests.framework in Frameworks */ = {isa = PBXBuildFile; fileRef = CED795A76862D6A1EA4047DD /* Pods_snapkit_playground_iosTests.framework */; };
/* End PBXBuildFile section */

/* Begin PBXContainerItemProxy section */
		747A1CD624B1DAF600AF37D9 /* PBXContainerItemProxy */ = {
			isa = PBXContainerItemProxy;
			containerPortal = 747A1CB724B1DAF400AF37D9 /* Project object */;
			proxyType = 1;
			remoteGlobalIDString = 747A1CBE24B1DAF400AF37D9;
			remoteInfo = "snapkit-playground-ios";
		};
		747A1CE124B1DAF700AF37D9 /* PBXContainerItemProxy */ = {
			isa = PBXContainerItemProxy;
			containerPortal = 747A1CB724B1DAF400AF37D9 /* Project object */;
			proxyType = 1;
			remoteGlobalIDString = 747A1CBE24B1DAF400AF37D9;
			remoteInfo = "snapkit-playground-ios";
		};
/* End PBXContainerItemProxy section */

/* Begin PBXFileReference section */
		08E097A3229AE26B6C9F204D /* Pods_snapkit_playground_ios.framework */ = {isa = PBXFileReference; explicitFileType = wrapper.framework; includeInIndex = 0; path = Pods_snapkit_playground_ios.framework; sourceTree = BUILT_PRODUCTS_DIR; };
		256FF858D626FD37FBD38BAD /* Pods-snapkit-playground-ios-snapkit-playground-iosUITests.release.xcconfig */ = {isa = PBXFileReference; includeInIndex = 1; lastKnownFileType = text.xcconfig; name = "Pods-snapkit-playground-ios-snapkit-playground-iosUITests.release.xcconfig"; path = "Target Support Files/Pods-snapkit-playground-ios-snapkit-playground-iosUITests/Pods-snapkit-playground-ios-snapkit-playground-iosUITests.release.xcconfig"; sourceTree = "<group>"; };
		42A9CAD7EB4238D423184A0B /* Pods-snapkit-playground-iosTests.debug.xcconfig */ = {isa = PBXFileReference; includeInIndex = 1; lastKnownFileType = text.xcconfig; name = "Pods-snapkit-playground-iosTests.debug.xcconfig"; path = "Target Support Files/Pods-snapkit-playground-iosTests/Pods-snapkit-playground-iosTests.debug.xcconfig"; sourceTree = "<group>"; };
		5E01DCF9F60DFE262E8C4D0E /* Pods-snapkit-playground-ios-snapkit-playground-iosUITests.debug.xcconfig */ = {isa = PBXFileReference; includeInIndex = 1; lastKnownFileType = text.xcconfig; name = "Pods-snapkit-playground-ios-snapkit-playground-iosUITests.debug.xcconfig"; path = "Target Support Files/Pods-snapkit-playground-ios-snapkit-playground-iosUITests/Pods-snapkit-playground-ios-snapkit-playground-iosUITests.debug.xcconfig"; sourceTree = "<group>"; };
		62DADA67474DCC3864998893 /* Pods-snapkit-playground-iosTests.release.xcconfig */ = {isa = PBXFileReference; includeInIndex = 1; lastKnownFileType = text.xcconfig; name = "Pods-snapkit-playground-iosTests.release.xcconfig"; path = "Target Support Files/Pods-snapkit-playground-iosTests/Pods-snapkit-playground-iosTests.release.xcconfig"; sourceTree = "<group>"; };
		6C91A97C426900332DF4EA02 /* Pods_snapkit_playground_ios_snapkit_playground_iosUITests.framework */ = {isa = PBXFileReference; explicitFileType = wrapper.framework; includeInIndex = 0; path = Pods_snapkit_playground_ios_snapkit_playground_iosUITests.framework; sourceTree = BUILT_PRODUCTS_DIR; };
		747A1CBF24B1DAF400AF37D9 /* snapkit-playground-ios.app */ = {isa = PBXFileReference; explicitFileType = wrapper.application; includeInIndex = 0; path = "snapkit-playground-ios.app"; sourceTree = BUILT_PRODUCTS_DIR; };
		747A1CC224B1DAF400AF37D9 /* AppDelegate.swift */ = {isa = PBXFileReference; lastKnownFileType = sourcecode.swift; path = AppDelegate.swift; sourceTree = "<group>"; };
		747A1CC424B1DAF400AF37D9 /* SceneDelegate.swift */ = {isa = PBXFileReference; lastKnownFileType = sourcecode.swift; path = SceneDelegate.swift; sourceTree = "<group>"; };
		747A1CC624B1DAF400AF37D9 /* AppContentView.swift */ = {isa = PBXFileReference; lastKnownFileType = sourcecode.swift; path = AppContentView.swift; sourceTree = "<group>"; };
		747A1CC824B1DAF600AF37D9 /* Assets.xcassets */ = {isa = PBXFileReference; lastKnownFileType = folder.assetcatalog; path = Assets.xcassets; sourceTree = "<group>"; };
		747A1CCB24B1DAF600AF37D9 /* Preview Assets.xcassets */ = {isa = PBXFileReference; lastKnownFileType = folder.assetcatalog; path = "Preview Assets.xcassets"; sourceTree = "<group>"; };
		747A1CCE24B1DAF600AF37D9 /* Base */ = {isa = PBXFileReference; lastKnownFileType = file.storyboard; name = Base; path = Base.lproj/LaunchScreen.storyboard; sourceTree = "<group>"; };
		747A1CD024B1DAF600AF37D9 /* Info.plist */ = {isa = PBXFileReference; lastKnownFileType = text.plist.xml; path = Info.plist; sourceTree = "<group>"; };
		747A1CD524B1DAF600AF37D9 /* snapkit-playground-iosTests.xctest */ = {isa = PBXFileReference; explicitFileType = wrapper.cfbundle; includeInIndex = 0; path = "snapkit-playground-iosTests.xctest"; sourceTree = BUILT_PRODUCTS_DIR; };
		747A1CD924B1DAF600AF37D9 /* snapkit_playground_iosTests.swift */ = {isa = PBXFileReference; lastKnownFileType = sourcecode.swift; path = snapkit_playground_iosTests.swift; sourceTree = "<group>"; };
		747A1CDB24B1DAF600AF37D9 /* Info.plist */ = {isa = PBXFileReference; lastKnownFileType = text.plist.xml; path = Info.plist; sourceTree = "<group>"; };
		747A1CE024B1DAF700AF37D9 /* snapkit-playground-iosUITests.xctest */ = {isa = PBXFileReference; explicitFileType = wrapper.cfbundle; includeInIndex = 0; path = "snapkit-playground-iosUITests.xctest"; sourceTree = BUILT_PRODUCTS_DIR; };
		747A1CE424B1DAF700AF37D9 /* snapkit_playground_iosUITests.swift */ = {isa = PBXFileReference; lastKnownFileType = sourcecode.swift; path = snapkit_playground_iosUITests.swift; sourceTree = "<group>"; };
		747A1CE624B1DAF700AF37D9 /* Info.plist */ = {isa = PBXFileReference; lastKnownFileType = text.plist.xml; path = Info.plist; sourceTree = "<group>"; };
		747A1CF324B1DFEF00AF37D9 /* ContentContainerView.swift */ = {isa = PBXFileReference; lastKnownFileType = sourcecode.swift; path = ContentContainerView.swift; sourceTree = "<group>"; };
		747A1CF624B1E12B00AF37D9 /* BaseView.swift */ = {isa = PBXFileReference; lastKnownFileType = sourcecode.swift; path = BaseView.swift; sourceTree = "<group>"; };
		747A1CF824B1E4DE00AF37D9 /* ContentContainerPreview.swift */ = {isa = PBXFileReference; lastKnownFileType = sourcecode.swift; path = ContentContainerPreview.swift; sourceTree = "<group>"; };
		A4922DAAD3DF486F37571A6D /* Pods-snapkit-playground-ios.debug.xcconfig */ = {isa = PBXFileReference; includeInIndex = 1; lastKnownFileType = text.xcconfig; name = "Pods-snapkit-playground-ios.debug.xcconfig"; path = "Target Support Files/Pods-snapkit-playground-ios/Pods-snapkit-playground-ios.debug.xcconfig"; sourceTree = "<group>"; };
		CED795A76862D6A1EA4047DD /* Pods_snapkit_playground_iosTests.framework */ = {isa = PBXFileReference; explicitFileType = wrapper.framework; includeInIndex = 0; path = Pods_snapkit_playground_iosTests.framework; sourceTree = BUILT_PRODUCTS_DIR; };
		D61C6BC8DA6A7E00698F093B /* Pods-snapkit-playground-ios.release.xcconfig */ = {isa = PBXFileReference; includeInIndex = 1; lastKnownFileType = text.xcconfig; name = "Pods-snapkit-playground-ios.release.xcconfig"; path = "Target Support Files/Pods-snapkit-playground-ios/Pods-snapkit-playground-ios.release.xcconfig"; sourceTree = "<group>"; };
/* End PBXFileReference section */

/* Begin PBXFrameworksBuildPhase section */
		747A1CBC24B1DAF400AF37D9 /* Frameworks */ = {
			isa = PBXFrameworksBuildPhase;
			buildActionMask = 2147483647;
			files = (
				E40AAE597921BCD5EBADF452 /* Pods_snapkit_playground_ios.framework in Frameworks */,
			);
			runOnlyForDeploymentPostprocessing = 0;
		};
		747A1CD224B1DAF600AF37D9 /* Frameworks */ = {
			isa = PBXFrameworksBuildPhase;
			buildActionMask = 2147483647;
			files = (
				FECC01E66AC5A9CB05245E76 /* Pods_snapkit_playground_iosTests.framework in Frameworks */,
			);
			runOnlyForDeploymentPostprocessing = 0;
		};
		747A1CDD24B1DAF700AF37D9 /* Frameworks */ = {
			isa = PBXFrameworksBuildPhase;
			buildActionMask = 2147483647;
			files = (
				0C6029F2A9679F58D5F8B5F6 /* Pods_snapkit_playground_ios_snapkit_playground_iosUITests.framework in Frameworks */,
			);
			runOnlyForDeploymentPostprocessing = 0;
		};
/* End PBXFrameworksBuildPhase section */

/* Begin PBXGroup section */
		1FB50560639BCFFB2BA1006A /* Frameworks */ = {
			isa = PBXGroup;
			children = (
				08E097A3229AE26B6C9F204D /* Pods_snapkit_playground_ios.framework */,
				6C91A97C426900332DF4EA02 /* Pods_snapkit_playground_ios_snapkit_playground_iosUITests.framework */,
				CED795A76862D6A1EA4047DD /* Pods_snapkit_playground_iosTests.framework */,
			);
			name = Frameworks;
			sourceTree = "<group>";
		};
		747A1CB624B1DAF400AF37D9 = {
			isa = PBXGroup;
			children = (
				747A1CC124B1DAF400AF37D9 /* snapkit-playground-ios */,
				747A1CD824B1DAF600AF37D9 /* snapkit-playground-iosTests */,
				747A1CE324B1DAF700AF37D9 /* snapkit-playground-iosUITests */,
				747A1CC024B1DAF400AF37D9 /* Products */,
				C7A2C900D41F9440211EAE28 /* Pods */,
				1FB50560639BCFFB2BA1006A /* Frameworks */,
			);
			sourceTree = "<group>";
		};
		747A1CC024B1DAF400AF37D9 /* Products */ = {
			isa = PBXGroup;
			children = (
				747A1CBF24B1DAF400AF37D9 /* snapkit-playground-ios.app */,
				747A1CD524B1DAF600AF37D9 /* snapkit-playground-iosTests.xctest */,
				747A1CE024B1DAF700AF37D9 /* snapkit-playground-iosUITests.xctest */,
			);
			name = Products;
			sourceTree = "<group>";
		};
		747A1CC124B1DAF400AF37D9 /* snapkit-playground-ios */ = {
			isa = PBXGroup;
			children = (
				747A1CF224B1DDDB00AF37D9 /* SupportingFiles */,
				747A1CF524B1E0FD00AF37D9 /* BaseViews */,
				747A1CF824B1E4DE00AF37D9 /* ContentContainerPreview.swift */,
			);
			path = "snapkit-playground-ios";
			sourceTree = "<group>";
		};
		747A1CCA24B1DAF600AF37D9 /* Preview Content */ = {
			isa = PBXGroup;
			children = (
				747A1CCB24B1DAF600AF37D9 /* Preview Assets.xcassets */,
			);
			path = "Preview Content";
			sourceTree = "<group>";
		};
		747A1CD824B1DAF600AF37D9 /* snapkit-playground-iosTests */ = {
			isa = PBXGroup;
			children = (
				747A1CD924B1DAF600AF37D9 /* snapkit_playground_iosTests.swift */,
				747A1CDB24B1DAF600AF37D9 /* Info.plist */,
			);
			path = "snapkit-playground-iosTests";
			sourceTree = "<group>";
		};
		747A1CE324B1DAF700AF37D9 /* snapkit-playground-iosUITests */ = {
			isa = PBXGroup;
			children = (
				747A1CE424B1DAF700AF37D9 /* snapkit_playground_iosUITests.swift */,
				747A1CE624B1DAF700AF37D9 /* Info.plist */,
			);
			path = "snapkit-playground-iosUITests";
			sourceTree = "<group>";
		};
		747A1CF224B1DDDB00AF37D9 /* SupportingFiles */ = {
			isa = PBXGroup;
			children = (
				747A1CC224B1DAF400AF37D9 /* AppDelegate.swift */,
				747A1CC424B1DAF400AF37D9 /* SceneDelegate.swift */,
				747A1CC624B1DAF400AF37D9 /* AppContentView.swift */,
				747A1CF324B1DFEF00AF37D9 /* ContentContainerView.swift */,
				747A1CC824B1DAF600AF37D9 /* Assets.xcassets */,
				747A1CCD24B1DAF600AF37D9 /* LaunchScreen.storyboard */,
				747A1CD024B1DAF600AF37D9 /* Info.plist */,
				747A1CCA24B1DAF600AF37D9 /* Preview Content */,
			);
			path = SupportingFiles;
			sourceTree = "<group>";
		};
		747A1CF524B1E0FD00AF37D9 /* BaseViews */ = {
			isa = PBXGroup;
			children = (
				747A1CF624B1E12B00AF37D9 /* BaseView.swift */,
			);
			path = BaseViews;
			sourceTree = "<group>";
		};
		C7A2C900D41F9440211EAE28 /* Pods */ = {
			isa = PBXGroup;
			children = (
				A4922DAAD3DF486F37571A6D /* Pods-snapkit-playground-ios.debug.xcconfig */,
				D61C6BC8DA6A7E00698F093B /* Pods-snapkit-playground-ios.release.xcconfig */,
				5E01DCF9F60DFE262E8C4D0E /* Pods-snapkit-playground-ios-snapkit-playground-iosUITests.debug.xcconfig */,
				256FF858D626FD37FBD38BAD /* Pods-snapkit-playground-ios-snapkit-playground-iosUITests.release.xcconfig */,
				42A9CAD7EB4238D423184A0B /* Pods-snapkit-playground-iosTests.debug.xcconfig */,
				62DADA67474DCC3864998893 /* Pods-snapkit-playground-iosTests.release.xcconfig */,
			);
			name = Pods;
			path = Pods;
			sourceTree = "<group>";
		};
/* End PBXGroup section */

/* Begin PBXNativeTarget section */
		747A1CBE24B1DAF400AF37D9 /* snapkit-playground-ios */ = {
			isa = PBXNativeTarget;
			buildConfigurationList = 747A1CE924B1DAF700AF37D9 /* Build configuration list for PBXNativeTarget "snapkit-playground-ios" */;
			buildPhases = (
				FFC03DB90B2EC3537306A543 /* [CP] Check Pods Manifest.lock */,
				747A1CBB24B1DAF400AF37D9 /* Sources */,
				747A1CBC24B1DAF400AF37D9 /* Frameworks */,
				747A1CBD24B1DAF400AF37D9 /* Resources */,
				3B1214C81CDB397421A02FB9 /* [CP] Embed Pods Frameworks */,
			);
			buildRules = (
			);
			dependencies = (
			);
			name = "snapkit-playground-ios";
			productName = "snapkit-playground-ios";
			productReference = 747A1CBF24B1DAF400AF37D9 /* snapkit-playground-ios.app */;
			productType = "com.apple.product-type.application";
		};
		747A1CD424B1DAF600AF37D9 /* snapkit-playground-iosTests */ = {
			isa = PBXNativeTarget;
			buildConfigurationList = 747A1CEC24B1DAF700AF37D9 /* Build configuration list for PBXNativeTarget "snapkit-playground-iosTests" */;
			buildPhases = (
				67F8D3A0DF1F149C514DDA0C /* [CP] Check Pods Manifest.lock */,
				747A1CD124B1DAF600AF37D9 /* Sources */,
				747A1CD224B1DAF600AF37D9 /* Frameworks */,
				747A1CD324B1DAF600AF37D9 /* Resources */,
			);
			buildRules = (
			);
			dependencies = (
				747A1CD724B1DAF600AF37D9 /* PBXTargetDependency */,
			);
			name = "snapkit-playground-iosTests";
			productName = "snapkit-playground-iosTests";
			productReference = 747A1CD524B1DAF600AF37D9 /* snapkit-playground-iosTests.xctest */;
			productType = "com.apple.product-type.bundle.unit-test";
		};
		747A1CDF24B1DAF700AF37D9 /* snapkit-playground-iosUITests */ = {
			isa = PBXNativeTarget;
			buildConfigurationList = 747A1CEF24B1DAF700AF37D9 /* Build configuration list for PBXNativeTarget "snapkit-playground-iosUITests" */;
			buildPhases = (
				AAABC7F3CB4C44AD1B23D7B4 /* [CP] Check Pods Manifest.lock */,
				747A1CDC24B1DAF700AF37D9 /* Sources */,
				747A1CDD24B1DAF700AF37D9 /* Frameworks */,
				747A1CDE24B1DAF700AF37D9 /* Resources */,
				2B00C88B2B9228088D6A2690 /* [CP] Embed Pods Frameworks */,
			);
			buildRules = (
			);
			dependencies = (
				747A1CE224B1DAF700AF37D9 /* PBXTargetDependency */,
			);
			name = "snapkit-playground-iosUITests";
			productName = "snapkit-playground-iosUITests";
			productReference = 747A1CE024B1DAF700AF37D9 /* snapkit-playground-iosUITests.xctest */;
			productType = "com.apple.product-type.bundle.ui-testing";
		};
/* End PBXNativeTarget section */

/* Begin PBXProject section */
		747A1CB724B1DAF400AF37D9 /* Project object */ = {
			isa = PBXProject;
			attributes = {
				LastSwiftUpdateCheck = 1150;
				LastUpgradeCheck = 1150;
				ORGANIZATIONNAME = "Josip Rezić";
				TargetAttributes = {
					747A1CBE24B1DAF400AF37D9 = {
						CreatedOnToolsVersion = 11.5;
					};
					747A1CD424B1DAF600AF37D9 = {
						CreatedOnToolsVersion = 11.5;
						TestTargetID = 747A1CBE24B1DAF400AF37D9;
					};
					747A1CDF24B1DAF700AF37D9 = {
						CreatedOnToolsVersion = 11.5;
						TestTargetID = 747A1CBE24B1DAF400AF37D9;
					};
				};
			};
			buildConfigurationList = 747A1CBA24B1DAF400AF37D9 /* Build configuration list for PBXProject "snapkit-playground-ios" */;
			compatibilityVersion = "Xcode 9.3";
			developmentRegion = en;
			hasScannedForEncodings = 0;
			knownRegions = (
				en,
				Base,
			);
			mainGroup = 747A1CB624B1DAF400AF37D9;
			productRefGroup = 747A1CC024B1DAF400AF37D9 /* Products */;
			projectDirPath = "";
			projectRoot = "";
			targets = (
				747A1CBE24B1DAF400AF37D9 /* snapkit-playground-ios */,
				747A1CD424B1DAF600AF37D9 /* snapkit-playground-iosTests */,
				747A1CDF24B1DAF700AF37D9 /* snapkit-playground-iosUITests */,
			);
		};
/* End PBXProject section */

/* Begin PBXResourcesBuildPhase section */
		747A1CBD24B1DAF400AF37D9 /* Resources */ = {
			isa = PBXResourcesBuildPhase;
			buildActionMask = 2147483647;
			files = (
				747A1CCF24B1DAF600AF37D9 /* LaunchScreen.storyboard in Resources */,
				747A1CCC24B1DAF600AF37D9 /* Preview Assets.xcassets in Resources */,
				747A1CC924B1DAF600AF37D9 /* Assets.xcassets in Resources */,
			);
			runOnlyForDeploymentPostprocessing = 0;
		};
		747A1CD324B1DAF600AF37D9 /* Resources */ = {
			isa = PBXResourcesBuildPhase;
			buildActionMask = 2147483647;
			files = (
			);
			runOnlyForDeploymentPostprocessing = 0;
		};
		747A1CDE24B1DAF700AF37D9 /* Resources */ = {
			isa = PBXResourcesBuildPhase;
			buildActionMask = 2147483647;
			files = (
			);
			runOnlyForDeploymentPostprocessing = 0;
		};
/* End PBXResourcesBuildPhase section */

/* Begin PBXShellScriptBuildPhase section */
		2B00C88B2B9228088D6A2690 /* [CP] Embed Pods Frameworks */ = {
			isa = PBXShellScriptBuildPhase;
			buildActionMask = 2147483647;
			files = (
			);
			inputFileListPaths = (
				"${PODS_ROOT}/Target Support Files/Pods-snapkit-playground-ios-snapkit-playground-iosUITests/Pods-snapkit-playground-ios-snapkit-playground-iosUITests-frameworks-${CONFIGURATION}-input-files.xcfilelist",
			);
			name = "[CP] Embed Pods Frameworks";
			outputFileListPaths = (
				"${PODS_ROOT}/Target Support Files/Pods-snapkit-playground-ios-snapkit-playground-iosUITests/Pods-snapkit-playground-ios-snapkit-playground-iosUITests-frameworks-${CONFIGURATION}-output-files.xcfilelist",
			);
			runOnlyForDeploymentPostprocessing = 0;
			shellPath = /bin/sh;
			shellScript = "\"${PODS_ROOT}/Target Support Files/Pods-snapkit-playground-ios-snapkit-playground-iosUITests/Pods-snapkit-playground-ios-snapkit-playground-iosUITests-frameworks.sh\"\n";
			showEnvVarsInLog = 0;
		};
		3B1214C81CDB397421A02FB9 /* [CP] Embed Pods Frameworks */ = {
			isa = PBXShellScriptBuildPhase;
			buildActionMask = 2147483647;
			files = (
			);
			inputFileListPaths = (
				"${PODS_ROOT}/Target Support Files/Pods-snapkit-playground-ios/Pods-snapkit-playground-ios-frameworks-${CONFIGURATION}-input-files.xcfilelist",
			);
			name = "[CP] Embed Pods Frameworks";
			outputFileListPaths = (
				"${PODS_ROOT}/Target Support Files/Pods-snapkit-playground-ios/Pods-snapkit-playground-ios-frameworks-${CONFIGURATION}-output-files.xcfilelist",
			);
			runOnlyForDeploymentPostprocessing = 0;
			shellPath = /bin/sh;
			shellScript = "\"${PODS_ROOT}/Target Support Files/Pods-snapkit-playground-ios/Pods-snapkit-playground-ios-frameworks.sh\"\n";
			showEnvVarsInLog = 0;
		};
		67F8D3A0DF1F149C514DDA0C /* [CP] Check Pods Manifest.lock */ = {
			isa = PBXShellScriptBuildPhase;
			buildActionMask = 2147483647;
			files = (
			);
			inputFileListPaths = (
			);
			inputPaths = (
				"${PODS_PODFILE_DIR_PATH}/Podfile.lock",
				"${PODS_ROOT}/Manifest.lock",
			);
			name = "[CP] Check Pods Manifest.lock";
			outputFileListPaths = (
			);
			outputPaths = (
				"$(DERIVED_FILE_DIR)/Pods-snapkit-playground-iosTests-checkManifestLockResult.txt",
			);
			runOnlyForDeploymentPostprocessing = 0;
			shellPath = /bin/sh;
			shellScript = "diff \"${PODS_PODFILE_DIR_PATH}/Podfile.lock\" \"${PODS_ROOT}/Manifest.lock\" > /dev/null\nif [ $? != 0 ] ; then\n    # print error to STDERR\n    echo \"error: The sandbox is not in sync with the Podfile.lock. Run 'pod install' or update your CocoaPods installation.\" >&2\n    exit 1\nfi\n# This output is used by Xcode 'outputs' to avoid re-running this script phase.\necho \"SUCCESS\" > \"${SCRIPT_OUTPUT_FILE_0}\"\n";
			showEnvVarsInLog = 0;
		};
		AAABC7F3CB4C44AD1B23D7B4 /* [CP] Check Pods Manifest.lock */ = {
			isa = PBXShellScriptBuildPhase;
			buildActionMask = 2147483647;
			files = (
			);
			inputFileListPaths = (
			);
			inputPaths = (
				"${PODS_PODFILE_DIR_PATH}/Podfile.lock",
				"${PODS_ROOT}/Manifest.lock",
			);
			name = "[CP] Check Pods Manifest.lock";
			outputFileListPaths = (
			);
			outputPaths = (
				"$(DERIVED_FILE_DIR)/Pods-snapkit-playground-ios-snapkit-playground-iosUITests-checkManifestLockResult.txt",
			);
			runOnlyForDeploymentPostprocessing = 0;
			shellPath = /bin/sh;
			shellScript = "diff \"${PODS_PODFILE_DIR_PATH}/Podfile.lock\" \"${PODS_ROOT}/Manifest.lock\" > /dev/null\nif [ $? != 0 ] ; then\n    # print error to STDERR\n    echo \"error: The sandbox is not in sync with the Podfile.lock. Run 'pod install' or update your CocoaPods installation.\" >&2\n    exit 1\nfi\n# This output is used by Xcode 'outputs' to avoid re-running this script phase.\necho \"SUCCESS\" > \"${SCRIPT_OUTPUT_FILE_0}\"\n";
			showEnvVarsInLog = 0;
		};
		FFC03DB90B2EC3537306A543 /* [CP] Check Pods Manifest.lock */ = {
			isa = PBXShellScriptBuildPhase;
			buildActionMask = 2147483647;
			files = (
			);
			inputFileListPaths = (
			);
			inputPaths = (
				"${PODS_PODFILE_DIR_PATH}/Podfile.lock",
				"${PODS_ROOT}/Manifest.lock",
			);
			name = "[CP] Check Pods Manifest.lock";
			outputFileListPaths = (
			);
			outputPaths = (
				"$(DERIVED_FILE_DIR)/Pods-snapkit-playground-ios-checkManifestLockResult.txt",
			);
			runOnlyForDeploymentPostprocessing = 0;
			shellPath = /bin/sh;
			shellScript = "diff \"${PODS_PODFILE_DIR_PATH}/Podfile.lock\" \"${PODS_ROOT}/Manifest.lock\" > /dev/null\nif [ $? != 0 ] ; then\n    # print error to STDERR\n    echo \"error: The sandbox is not in sync with the Podfile.lock. Run 'pod install' or update your CocoaPods installation.\" >&2\n    exit 1\nfi\n# This output is used by Xcode 'outputs' to avoid re-running this script phase.\necho \"SUCCESS\" > \"${SCRIPT_OUTPUT_FILE_0}\"\n";
			showEnvVarsInLog = 0;
		};
/* End PBXShellScriptBuildPhase section */

/* Begin PBXSourcesBuildPhase section */
		747A1CBB24B1DAF400AF37D9 /* Sources */ = {
			isa = PBXSourcesBuildPhase;
			buildActionMask = 2147483647;
			files = (
				747A1CC324B1DAF400AF37D9 /* AppDelegate.swift in Sources */,
				747A1CC524B1DAF400AF37D9 /* SceneDelegate.swift in Sources */,
				747A1CF724B1E12B00AF37D9 /* BaseView.swift in Sources */,
				747A1CF424B1DFEF00AF37D9 /* ContentContainerView.swift in Sources */,
				747A1CF924B1E4DE00AF37D9 /* ContentContainerPreview.swift in Sources */,
				747A1CC724B1DAF400AF37D9 /* AppContentView.swift in Sources */,
			);
			runOnlyForDeploymentPostprocessing = 0;
		};
		747A1CD124B1DAF600AF37D9 /* Sources */ = {
			isa = PBXSourcesBuildPhase;
			buildActionMask = 2147483647;
			files = (
				747A1CDA24B1DAF600AF37D9 /* snapkit_playground_iosTests.swift in Sources */,
			);
			runOnlyForDeploymentPostprocessing = 0;
		};
		747A1CDC24B1DAF700AF37D9 /* Sources */ = {
			isa = PBXSourcesBuildPhase;
			buildActionMask = 2147483647;
			files = (
				747A1CE524B1DAF700AF37D9 /* snapkit_playground_iosUITests.swift in Sources */,
			);
			runOnlyForDeploymentPostprocessing = 0;
		};
/* End PBXSourcesBuildPhase section */

/* Begin PBXTargetDependency section */
		747A1CD724B1DAF600AF37D9 /* PBXTargetDependency */ = {
			isa = PBXTargetDependency;
			target = 747A1CBE24B1DAF400AF37D9 /* snapkit-playground-ios */;
			targetProxy = 747A1CD624B1DAF600AF37D9 /* PBXContainerItemProxy */;
		};
		747A1CE224B1DAF700AF37D9 /* PBXTargetDependency */ = {
			isa = PBXTargetDependency;
			target = 747A1CBE24B1DAF400AF37D9 /* snapkit-playground-ios */;
			targetProxy = 747A1CE124B1DAF700AF37D9 /* PBXContainerItemProxy */;
		};
/* End PBXTargetDependency section */

/* Begin PBXVariantGroup section */
		747A1CCD24B1DAF600AF37D9 /* LaunchScreen.storyboard */ = {
			isa = PBXVariantGroup;
			children = (
				747A1CCE24B1DAF600AF37D9 /* Base */,
			);
			name = LaunchScreen.storyboard;
			sourceTree = "<group>";
		};
/* End PBXVariantGroup section */

/* Begin XCBuildConfiguration section */
		747A1CE724B1DAF700AF37D9 /* Debug */ = {
			isa = XCBuildConfiguration;
			buildSettings = {
				ALWAYS_SEARCH_USER_PATHS = NO;
				CLANG_ANALYZER_NONNULL = YES;
				CLANG_ANALYZER_NUMBER_OBJECT_CONVERSION = YES_AGGRESSIVE;
				CLANG_CXX_LANGUAGE_STANDARD = "gnu++14";
				CLANG_CXX_LIBRARY = "libc++";
				CLANG_ENABLE_MODULES = YES;
				CLANG_ENABLE_OBJC_ARC = YES;
				CLANG_ENABLE_OBJC_WEAK = YES;
				CLANG_WARN_BLOCK_CAPTURE_AUTORELEASING = YES;
				CLANG_WARN_BOOL_CONVERSION = YES;
				CLANG_WARN_COMMA = YES;
				CLANG_WARN_CONSTANT_CONVERSION = YES;
				CLANG_WARN_DEPRECATED_OBJC_IMPLEMENTATIONS = YES;
				CLANG_WARN_DIRECT_OBJC_ISA_USAGE = YES_ERROR;
				CLANG_WARN_DOCUMENTATION_COMMENTS = YES;
				CLANG_WARN_EMPTY_BODY = YES;
				CLANG_WARN_ENUM_CONVERSION = YES;
				CLANG_WARN_INFINITE_RECURSION = YES;
				CLANG_WARN_INT_CONVERSION = YES;
				CLANG_WARN_NON_LITERAL_NULL_CONVERSION = YES;
				CLANG_WARN_OBJC_IMPLICIT_RETAIN_SELF = YES;
				CLANG_WARN_OBJC_LITERAL_CONVERSION = YES;
				CLANG_WARN_OBJC_ROOT_CLASS = YES_ERROR;
				CLANG_WARN_RANGE_LOOP_ANALYSIS = YES;
				CLANG_WARN_STRICT_PROTOTYPES = YES;
				CLANG_WARN_SUSPICIOUS_MOVE = YES;
				CLANG_WARN_UNGUARDED_AVAILABILITY = YES_AGGRESSIVE;
				CLANG_WARN_UNREACHABLE_CODE = YES;
				CLANG_WARN__DUPLICATE_METHOD_MATCH = YES;
				COPY_PHASE_STRIP = NO;
				DEBUG_INFORMATION_FORMAT = dwarf;
				ENABLE_STRICT_OBJC_MSGSEND = YES;
				ENABLE_TESTABILITY = YES;
				GCC_C_LANGUAGE_STANDARD = gnu11;
				GCC_DYNAMIC_NO_PIC = NO;
				GCC_NO_COMMON_BLOCKS = YES;
				GCC_OPTIMIZATION_LEVEL = 0;
				GCC_PREPROCESSOR_DEFINITIONS = (
					"DEBUG=1",
					"$(inherited)",
				);
				GCC_WARN_64_TO_32_BIT_CONVERSION = YES;
				GCC_WARN_ABOUT_RETURN_TYPE = YES_ERROR;
				GCC_WARN_UNDECLARED_SELECTOR = YES;
				GCC_WARN_UNINITIALIZED_AUTOS = YES_AGGRESSIVE;
				GCC_WARN_UNUSED_FUNCTION = YES;
				GCC_WARN_UNUSED_VARIABLE = YES;
				IPHONEOS_DEPLOYMENT_TARGET = 13.5;
				MTL_ENABLE_DEBUG_INFO = INCLUDE_SOURCE;
				MTL_FAST_MATH = YES;
				ONLY_ACTIVE_ARCH = YES;
				SDKROOT = iphoneos;
				SWIFT_ACTIVE_COMPILATION_CONDITIONS = DEBUG;
				SWIFT_OPTIMIZATION_LEVEL = "-Onone";
			};
			name = Debug;
		};
		747A1CE824B1DAF700AF37D9 /* Release */ = {
			isa = XCBuildConfiguration;
			buildSettings = {
				ALWAYS_SEARCH_USER_PATHS = NO;
				CLANG_ANALYZER_NONNULL = YES;
				CLANG_ANALYZER_NUMBER_OBJECT_CONVERSION = YES_AGGRESSIVE;
				CLANG_CXX_LANGUAGE_STANDARD = "gnu++14";
				CLANG_CXX_LIBRARY = "libc++";
				CLANG_ENABLE_MODULES = YES;
				CLANG_ENABLE_OBJC_ARC = YES;
				CLANG_ENABLE_OBJC_WEAK = YES;
				CLANG_WARN_BLOCK_CAPTURE_AUTORELEASING = YES;
				CLANG_WARN_BOOL_CONVERSION = YES;
				CLANG_WARN_COMMA = YES;
				CLANG_WARN_CONSTANT_CONVERSION = YES;
				CLANG_WARN_DEPRECATED_OBJC_IMPLEMENTATIONS = YES;
				CLANG_WARN_DIRECT_OBJC_ISA_USAGE = YES_ERROR;
				CLANG_WARN_DOCUMENTATION_COMMENTS = YES;
				CLANG_WARN_EMPTY_BODY = YES;
				CLANG_WARN_ENUM_CONVERSION = YES;
				CLANG_WARN_INFINITE_RECURSION = YES;
				CLANG_WARN_INT_CONVERSION = YES;
				CLANG_WARN_NON_LITERAL_NULL_CONVERSION = YES;
				CLANG_WARN_OBJC_IMPLICIT_RETAIN_SELF = YES;
				CLANG_WARN_OBJC_LITERAL_CONVERSION = YES;
				CLANG_WARN_OBJC_ROOT_CLASS = YES_ERROR;
				CLANG_WARN_RANGE_LOOP_ANALYSIS = YES;
				CLANG_WARN_STRICT_PROTOTYPES = YES;
				CLANG_WARN_SUSPICIOUS_MOVE = YES;
				CLANG_WARN_UNGUARDED_AVAILABILITY = YES_AGGRESSIVE;
				CLANG_WARN_UNREACHABLE_CODE = YES;
				CLANG_WARN__DUPLICATE_METHOD_MATCH = YES;
				COPY_PHASE_STRIP = NO;
				DEBUG_INFORMATION_FORMAT = "dwarf-with-dsym";
				ENABLE_NS_ASSERTIONS = NO;
				ENABLE_STRICT_OBJC_MSGSEND = YES;
				GCC_C_LANGUAGE_STANDARD = gnu11;
				GCC_NO_COMMON_BLOCKS = YES;
				GCC_WARN_64_TO_32_BIT_CONVERSION = YES;
				GCC_WARN_ABOUT_RETURN_TYPE = YES_ERROR;
				GCC_WARN_UNDECLARED_SELECTOR = YES;
				GCC_WARN_UNINITIALIZED_AUTOS = YES_AGGRESSIVE;
				GCC_WARN_UNUSED_FUNCTION = YES;
				GCC_WARN_UNUSED_VARIABLE = YES;
				IPHONEOS_DEPLOYMENT_TARGET = 13.5;
				MTL_ENABLE_DEBUG_INFO = NO;
				MTL_FAST_MATH = YES;
				SDKROOT = iphoneos;
				SWIFT_COMPILATION_MODE = wholemodule;
				SWIFT_OPTIMIZATION_LEVEL = "-O";
				VALIDATE_PRODUCT = YES;
			};
			name = Release;
		};
		747A1CEA24B1DAF700AF37D9 /* Debug */ = {
			isa = XCBuildConfiguration;
			baseConfigurationReference = A4922DAAD3DF486F37571A6D /* Pods-snapkit-playground-ios.debug.xcconfig */;
			buildSettings = {
				ASSETCATALOG_COMPILER_APPICON_NAME = AppIcon;
				CODE_SIGN_STYLE = Automatic;
				DEVELOPMENT_ASSET_PATHS = "\"snapkit-playground-ios/SupportingFiles/Preview Content\"";
				ENABLE_PREVIEWS = YES;
				INFOPLIST_FILE = "snapkit-playground-ios/SupportingFiles/Info.plist";
				IPHONEOS_DEPLOYMENT_TARGET = 13.0;
				LD_RUNPATH_SEARCH_PATHS = (
					"$(inherited)",
					"@executable_path/Frameworks",
				);
				PRODUCT_BUNDLE_IDENTIFIER = "josiprezic.snapkit-playground-ios";
				PRODUCT_NAME = "$(TARGET_NAME)";
				SWIFT_VERSION = 5.0;
				TARGETED_DEVICE_FAMILY = "1,2";
			};
			name = Debug;
		};
		747A1CEB24B1DAF700AF37D9 /* Release */ = {
			isa = XCBuildConfiguration;
			baseConfigurationReference = D61C6BC8DA6A7E00698F093B /* Pods-snapkit-playground-ios.release.xcconfig */;
			buildSettings = {
				ASSETCATALOG_COMPILER_APPICON_NAME = AppIcon;
				CODE_SIGN_STYLE = Automatic;
				DEVELOPMENT_ASSET_PATHS = "\"snapkit-playground-ios/SupportingFiles/Preview Content\"";
				ENABLE_PREVIEWS = YES;
				INFOPLIST_FILE = "snapkit-playground-ios/SupportingFiles/Info.plist";
				IPHONEOS_DEPLOYMENT_TARGET = 13.0;
				LD_RUNPATH_SEARCH_PATHS = (
					"$(inherited)",
					"@executable_path/Frameworks",
				);
				PRODUCT_BUNDLE_IDENTIFIER = "josiprezic.snapkit-playground-ios";
				PRODUCT_NAME = "$(TARGET_NAME)";
				SWIFT_VERSION = 5.0;
				TARGETED_DEVICE_FAMILY = "1,2";
			};
			name = Release;
		};
		747A1CED24B1DAF700AF37D9 /* Debug */ = {
			isa = XCBuildConfiguration;
			baseConfigurationReference = 42A9CAD7EB4238D423184A0B /* Pods-snapkit-playground-iosTests.debug.xcconfig */;
			buildSettings = {
				ALWAYS_EMBED_SWIFT_STANDARD_LIBRARIES = YES;
				BUNDLE_LOADER = "$(TEST_HOST)";
				CODE_SIGN_STYLE = Automatic;
				INFOPLIST_FILE = "snapkit-playground-iosTests/SupportingFiles/Info.plist";
				IPHONEOS_DEPLOYMENT_TARGET = 13.5;
				LD_RUNPATH_SEARCH_PATHS = (
					"$(inherited)",
					"@executable_path/Frameworks",
					"@loader_path/Frameworks",
				);
				PRODUCT_BUNDLE_IDENTIFIER = "josiprezic.snapkit-playground-iosTests";
				PRODUCT_NAME = "$(TARGET_NAME)";
				SWIFT_VERSION = 5.0;
				TARGETED_DEVICE_FAMILY = "1,2";
				TEST_HOST = "$(BUILT_PRODUCTS_DIR)/snapkit-playground-ios.app/snapkit-playground-ios";
			};
			name = Debug;
		};
		747A1CEE24B1DAF700AF37D9 /* Release */ = {
			isa = XCBuildConfiguration;
			baseConfigurationReference = 62DADA67474DCC3864998893 /* Pods-snapkit-playground-iosTests.release.xcconfig */;
			buildSettings = {
				ALWAYS_EMBED_SWIFT_STANDARD_LIBRARIES = YES;
				BUNDLE_LOADER = "$(TEST_HOST)";
				CODE_SIGN_STYLE = Automatic;
				INFOPLIST_FILE = "snapkit-playground-iosTests/SupportingFiles/Info.plist";
				IPHONEOS_DEPLOYMENT_TARGET = 13.5;
				LD_RUNPATH_SEARCH_PATHS = (
					"$(inherited)",
					"@executable_path/Frameworks",
					"@loader_path/Frameworks",
				);
				PRODUCT_BUNDLE_IDENTIFIER = "josiprezic.snapkit-playground-iosTests";
				PRODUCT_NAME = "$(TARGET_NAME)";
				SWIFT_VERSION = 5.0;
				TARGETED_DEVICE_FAMILY = "1,2";
				TEST_HOST = "$(BUILT_PRODUCTS_DIR)/snapkit-playground-ios.app/snapkit-playground-ios";
			};
			name = Release;
		};
		747A1CF024B1DAF700AF37D9 /* Debug */ = {
			isa = XCBuildConfiguration;
			baseConfigurationReference = 5E01DCF9F60DFE262E8C4D0E /* Pods-snapkit-playground-ios-snapkit-playground-iosUITests.debug.xcconfig */;
			buildSettings = {
				ALWAYS_EMBED_SWIFT_STANDARD_LIBRARIES = YES;
				CODE_SIGN_STYLE = Automatic;
				INFOPLIST_FILE = "snapkit-playground-iosUITests/SupportingFiles/Info.plist";
				LD_RUNPATH_SEARCH_PATHS = (
					"$(inherited)",
					"@executable_path/Frameworks",
					"@loader_path/Frameworks",
				);
				PRODUCT_BUNDLE_IDENTIFIER = "josiprezic.snapkit-playground-iosUITests";
				PRODUCT_NAME = "$(TARGET_NAME)";
				SWIFT_VERSION = 5.0;
				TARGETED_DEVICE_FAMILY = "1,2";
				TEST_TARGET_NAME = "snapkit-playground-ios";
			};
			name = Debug;
		};
		747A1CF124B1DAF700AF37D9 /* Release */ = {
			isa = XCBuildConfiguration;
			baseConfigurationReference = 256FF858D626FD37FBD38BAD /* Pods-snapkit-playground-ios-snapkit-playground-iosUITests.release.xcconfig */;
			buildSettings = {
				ALWAYS_EMBED_SWIFT_STANDARD_LIBRARIES = YES;
				CODE_SIGN_STYLE = Automatic;
				INFOPLIST_FILE = "snapkit-playground-iosUITests/SupportingFiles/Info.plist";
				LD_RUNPATH_SEARCH_PATHS = (
					"$(inherited)",
					"@executable_path/Frameworks",
					"@loader_path/Frameworks",
				);
				PRODUCT_BUNDLE_IDENTIFIER = "josiprezic.snapkit-playground-iosUITests";
				PRODUCT_NAME = "$(TARGET_NAME)";
				SWIFT_VERSION = 5.0;
				TARGETED_DEVICE_FAMILY = "1,2";
				TEST_TARGET_NAME = "snapkit-playground-ios";
			};
			name = Release;
		};
/* End XCBuildConfiguration section */

/* Begin XCConfigurationList section */
		747A1CBA24B1DAF400AF37D9 /* Build configuration list for PBXProject "snapkit-playground-ios" */ = {
			isa = XCConfigurationList;
			buildConfigurations = (
				747A1CE724B1DAF700AF37D9 /* Debug */,
				747A1CE824B1DAF700AF37D9 /* Release */,
			);
			defaultConfigurationIsVisible = 0;
			defaultConfigurationName = Release;
		};
		747A1CE924B1DAF700AF37D9 /* Build configuration list for PBXNativeTarget "snapkit-playground-ios" */ = {
			isa = XCConfigurationList;
			buildConfigurations = (
				747A1CEA24B1DAF700AF37D9 /* Debug */,
				747A1CEB24B1DAF700AF37D9 /* Release */,
			);
			defaultConfigurationIsVisible = 0;
			defaultConfigurationName = Release;
		};
		747A1CEC24B1DAF700AF37D9 /* Build configuration list for PBXNativeTarget "snapkit-playground-iosTests" */ = {
			isa = XCConfigurationList;
			buildConfigurations = (
				747A1CED24B1DAF700AF37D9 /* Debug */,
				747A1CEE24B1DAF700AF37D9 /* Release */,
			);
			defaultConfigurationIsVisible = 0;
			defaultConfigurationName = Release;
		};
		747A1CEF24B1DAF700AF37D9 /* Build configuration list for PBXNativeTarget "snapkit-playground-iosUITests" */ = {
			isa = XCConfigurationList;
			buildConfigurations = (
				747A1CF024B1DAF700AF37D9 /* Debug */,
				747A1CF124B1DAF700AF37D9 /* Release */,
			);
			defaultConfigurationIsVisible = 0;
			defaultConfigurationName = Release;
		};
/* End XCConfigurationList section */
	};
	rootObject = 747A1CB724B1DAF400AF37D9 /* Project object */;
}
